// !$*UTF8*$!
{
	archiveVersion = 1;
	classes = {
	};
	objectVersion = 51;
	objects = {

/* Begin PBXBuildFile section */
		46278B982567B7860045994C /* HBToolsView.m in Sources */ = {isa = PBXBuildFile; fileRef = 46278B972567B7860045994C /* HBToolsView.m */; };
		46278BAC2567BB390045994C /* HBImgToolsCell.m in Sources */ = {isa = PBXBuildFile; fileRef = 46278BAB2567BB390045994C /* HBImgToolsCell.m */; };
		46724AEC2533EB1300A7C6EC /* HBDataItem.m in Sources */ = {isa = PBXBuildFile; fileRef = 46724AEB2533EB1300A7C6EC /* HBDataItem.m */; };
		46724B132534550500A7C6EC /* HBBrowserDataSource.m in Sources */ = {isa = PBXBuildFile; fileRef = 46724B122534550500A7C6EC /* HBBrowserDataSource.m */; };
		46724B2525345F3E00A7C6EC /* HBExampleCell.m in Sources */ = {isa = PBXBuildFile; fileRef = 46724B2425345F3E00A7C6EC /* HBExampleCell.m */; };
		46724B482536DAE500A7C6EC /* HBPresentTransition.m in Sources */ = {isa = PBXBuildFile; fileRef = 46724B472536DAE500A7C6EC /* HBPresentTransition.m */; };
		46724B572536DB1200A7C6EC /* HBDismissTransition.m in Sources */ = {isa = PBXBuildFile; fileRef = 46724B562536DB1200A7C6EC /* HBDismissTransition.m */; };
		46724B5E2536DB8800A7C6EC /* HBHelper.m in Sources */ = {isa = PBXBuildFile; fileRef = 46724B5D2536DB8800A7C6EC /* HBHelper.m */; };
		46724B6D2536E0C600A7C6EC /* UIViewController+HBTransition.m in Sources */ = {isa = PBXBuildFile; fileRef = 46724B6C2536E0C600A7C6EC /* UIViewController+HBTransition.m */; };
		46724B7E2536F36100A7C6EC /* UIView+HBRectCorner.m in Sources */ = {isa = PBXBuildFile; fileRef = 46724B7D2536F36100A7C6EC /* UIView+HBRectCorner.m */; };
		46724B872536F42B00A7C6EC /* HBImageView.m in Sources */ = {isa = PBXBuildFile; fileRef = 46724B862536F42B00A7C6EC /* HBImageView.m */; };
		46724B8D2536F61B00A7C6EC /* HBScrollView.m in Sources */ = {isa = PBXBuildFile; fileRef = 46724B8C2536F61B00A7C6EC /* HBScrollView.m */; };
		46724B942536FC5800A7C6EC /* HBLoadView.m in Sources */ = {isa = PBXBuildFile; fileRef = 46724B932536FC5800A7C6EC /* HBLoadView.m */; };
		46724B9E2537037400A7C6EC /* HBCollectionView.m in Sources */ = {isa = PBXBuildFile; fileRef = 46724B9D2537037400A7C6EC /* HBCollectionView.m */; };
		46724BA72537038E00A7C6EC /* HBFlowLayout.m in Sources */ = {isa = PBXBuildFile; fileRef = 46724BA62537038E00A7C6EC /* HBFlowLayout.m */; };
		46808B5C25304199005EF5AA /* HBPhotoVideoBrowserViewController.m in Sources */ = {isa = PBXBuildFile; fileRef = 46808B5B25304199005EF5AA /* HBPhotoVideoBrowserViewController.m */; };
		46808B772530466D005EF5AA /* HBVideoCollectionViewCell.m in Sources */ = {isa = PBXBuildFile; fileRef = 46808B762530466D005EF5AA /* HBVideoCollectionViewCell.m */; };
		46808B7D2530468A005EF5AA /* HBImageCollectionViewCell.m in Sources */ = {isa = PBXBuildFile; fileRef = 46808B7C2530468A005EF5AA /* HBImageCollectionViewCell.m */; };
		46AB0E67256B5BD6009AC684 /* menu@2x.png in Resources */ = {isa = PBXBuildFile; fileRef = 46AB0E61256B5BD6009AC684 /* menu@2x.png */; };
		46AB0E68256B5BD6009AC684 /* download@2x.png in Resources */ = {isa = PBXBuildFile; fileRef = 46AB0E62256B5BD6009AC684 /* download@2x.png */; };
		46AB0E69256B5BD6009AC684 /* menu@3x.png in Resources */ = {isa = PBXBuildFile; fileRef = 46AB0E63256B5BD6009AC684 /* menu@3x.png */; };
		46AB0E6A256B5BD6009AC684 /* more@2x.png in Resources */ = {isa = PBXBuildFile; fileRef = 46AB0E64256B5BD6009AC684 /* more@2x.png */; };
		46AB0E6B256B5BD6009AC684 /* more@3x.png in Resources */ = {isa = PBXBuildFile; fileRef = 46AB0E65256B5BD6009AC684 /* more@3x.png */; };
		46AB0E6C256B5BD6009AC684 /* download@3x.png in Resources */ = {isa = PBXBuildFile; fileRef = 46AB0E66256B5BD6009AC684 /* download@3x.png */; };
		46BCDC2C259DAAD600C203BB /* UICollectionViewCell+HBAnimation.m in Sources */ = {isa = PBXBuildFile; fileRef = 46BCDC2B259DAAD600C203BB /* UICollectionViewCell+HBAnimation.m */; };
		46E8F322255E7D2C00BC021F /* HBMediaPlayerView.m in Sources */ = {isa = PBXBuildFile; fileRef = 46E8F316255E7D2C00BC021F /* HBMediaPlayerView.m */; };
		46E8F323255E7D2C00BC021F /* HBPlayerToolsView.m in Sources */ = {isa = PBXBuildFile; fileRef = 46E8F318255E7D2C00BC021F /* HBPlayerToolsView.m */; };
		46E8F324255E7D2C00BC021F /* pause@2x.png in Resources */ = {isa = PBXBuildFile; fileRef = 46E8F31A255E7D2C00BC021F /* pause@2x.png */; };
		46E8F325255E7D2C00BC021F /* play@3x.png in Resources */ = {isa = PBXBuildFile; fileRef = 46E8F31B255E7D2C00BC021F /* play@3x.png */; };
		46E8F326255E7D2C00BC021F /* meidaPlay@2x.png in Resources */ = {isa = PBXBuildFile; fileRef = 46E8F31C255E7D2C00BC021F /* meidaPlay@2x.png */; };
		46E8F327255E7D2C00BC021F /* meidaPlay@3x.png in Resources */ = {isa = PBXBuildFile; fileRef = 46E8F31D255E7D2C00BC021F /* meidaPlay@3x.png */; };
		46E8F328255E7D2C00BC021F /* play@2x.png in Resources */ = {isa = PBXBuildFile; fileRef = 46E8F31E255E7D2C00BC021F /* play@2x.png */; };
		46E8F329255E7D2C00BC021F /* pause@3x.png in Resources */ = {isa = PBXBuildFile; fileRef = 46E8F31F255E7D2C00BC021F /* pause@3x.png */; };
		46E8F32A255E7D2C00BC021F /* point@2x.png in Resources */ = {isa = PBXBuildFile; fileRef = 46E8F320255E7D2C00BC021F /* point@2x.png */; };
		46E8F32B255E7D2C00BC021F /* point@3x.png in Resources */ = {isa = PBXBuildFile; fileRef = 46E8F321255E7D2C00BC021F /* point@3x.png */; };
		5515E3BA252C8D6500F173CD /* AppDelegate.m in Sources */ = {isa = PBXBuildFile; fileRef = 5515E3B9252C8D6500F173CD /* AppDelegate.m */; };
		5515E3C0252C8D6500F173CD /* ViewController.m in Sources */ = {isa = PBXBuildFile; fileRef = 5515E3BF252C8D6500F173CD /* ViewController.m */; };
		5515E3C3252C8D6500F173CD /* Main.storyboard in Resources */ = {isa = PBXBuildFile; fileRef = 5515E3C1252C8D6500F173CD /* Main.storyboard */; };
		5515E3C5252C8D6600F173CD /* Assets.xcassets in Resources */ = {isa = PBXBuildFile; fileRef = 5515E3C4252C8D6600F173CD /* Assets.xcassets */; };
		5515E3C8252C8D6600F173CD /* LaunchScreen.storyboard in Resources */ = {isa = PBXBuildFile; fileRef = 5515E3C6252C8D6600F173CD /* LaunchScreen.storyboard */; };
		5515E3CB252C8D6600F173CD /* main.m in Sources */ = {isa = PBXBuildFile; fileRef = 5515E3CA252C8D6600F173CD /* main.m */; };
		5515E3D5252C8D6600F173CD /* HBPhotoVideoBrowserTests.m in Sources */ = {isa = PBXBuildFile; fileRef = 5515E3D4252C8D6600F173CD /* HBPhotoVideoBrowserTests.m */; };
		5515E3E0252C8D6600F173CD /* HBPhotoVideoBrowserUITests.m in Sources */ = {isa = PBXBuildFile; fileRef = 5515E3DF252C8D6600F173CD /* HBPhotoVideoBrowserUITests.m */; };
		FBBC63FB73006FA12BEF5983 /* Pods_HBPhotoVideoBrowser.framework in Frameworks */ = {isa = PBXBuildFile; fileRef = D71DE60235EBF50CA41A5073 /* Pods_HBPhotoVideoBrowser.framework */; };
/* End PBXBuildFile section */

/* Begin PBXContainerItemProxy section */
		5515E3D1252C8D6600F173CD /* PBXContainerItemProxy */ = {
			isa = PBXContainerItemProxy;
			containerPortal = 5515E3AD252C8D6500F173CD /* Project object */;
			proxyType = 1;
			remoteGlobalIDString = 5515E3B4252C8D6500F173CD;
			remoteInfo = HBPhotoVideoBrowser;
		};
		5515E3DC252C8D6600F173CD /* PBXContainerItemProxy */ = {
			isa = PBXContainerItemProxy;
			containerPortal = 5515E3AD252C8D6500F173CD /* Project object */;
			proxyType = 1;
			remoteGlobalIDString = 5515E3B4252C8D6500F173CD;
			remoteInfo = HBPhotoVideoBrowser;
		};
/* End PBXContainerItemProxy section */

/* Begin PBXFileReference section */
		3A37FF7B81F12F38EF5ACAC3 /* Pods-HBPhotoVideoBrowser.release.xcconfig */ = {isa = PBXFileReference; includeInIndex = 1; lastKnownFileType = text.xcconfig; name = "Pods-HBPhotoVideoBrowser.release.xcconfig"; path = "Target Support Files/Pods-HBPhotoVideoBrowser/Pods-HBPhotoVideoBrowser.release.xcconfig"; sourceTree = "<group>"; };
		46278B962567B7860045994C /* HBToolsView.h */ = {isa = PBXFileReference; lastKnownFileType = sourcecode.c.h; path = HBToolsView.h; sourceTree = "<group>"; };
		46278B972567B7860045994C /* HBToolsView.m */ = {isa = PBXFileReference; lastKnownFileType = sourcecode.c.objc; path = HBToolsView.m; sourceTree = "<group>"; };
		46278BAA2567BB390045994C /* HBImgToolsCell.h */ = {isa = PBXFileReference; lastKnownFileType = sourcecode.c.h; path = HBImgToolsCell.h; sourceTree = "<group>"; };
		46278BAB2567BB390045994C /* HBImgToolsCell.m */ = {isa = PBXFileReference; lastKnownFileType = sourcecode.c.objc; path = HBImgToolsCell.m; sourceTree = "<group>"; };
		46278BB02567BC6B0045994C /* HBToolsViewProtocol.h */ = {isa = PBXFileReference; lastKnownFileType = sourcecode.c.h; path = HBToolsViewProtocol.h; sourceTree = "<group>"; };
		46724AEA2533EB1300A7C6EC /* HBDataItem.h */ = {isa = PBXFileReference; lastKnownFileType = sourcecode.c.h; path = HBDataItem.h; sourceTree = "<group>"; };
		46724AEB2533EB1300A7C6EC /* HBDataItem.m */ = {isa = PBXFileReference; lastKnownFileType = sourcecode.c.objc; path = HBDataItem.m; sourceTree = "<group>"; };
		46724B112534550500A7C6EC /* HBBrowserDataSource.h */ = {isa = PBXFileReference; lastKnownFileType = sourcecode.c.h; path = HBBrowserDataSource.h; sourceTree = "<group>"; };
		46724B122534550500A7C6EC /* HBBrowserDataSource.m */ = {isa = PBXFileReference; lastKnownFileType = sourcecode.c.objc; path = HBBrowserDataSource.m; sourceTree = "<group>"; };
		46724B1A253456BA00A7C6EC /* HBBrowserDataSourceProtocol.h */ = {isa = PBXFileReference; lastKnownFileType = sourcecode.c.h; path = HBBrowserDataSourceProtocol.h; sourceTree = "<group>"; };
		46724B1E25345C2200A7C6EC /* HBPhotoVideoBrowserControllerProtocol.h */ = {isa = PBXFileReference; lastKnownFileType = sourcecode.c.h; path = HBPhotoVideoBrowserControllerProtocol.h; sourceTree = "<group>"; };
		46724B2325345F3E00A7C6EC /* HBExampleCell.h */ = {isa = PBXFileReference; lastKnownFileType = sourcecode.c.h; path = HBExampleCell.h; sourceTree = "<group>"; };
		46724B2425345F3E00A7C6EC /* HBExampleCell.m */ = {isa = PBXFileReference; lastKnownFileType = sourcecode.c.objc; path = HBExampleCell.m; sourceTree = "<group>"; };
		46724B462536DAE500A7C6EC /* HBPresentTransition.h */ = {isa = PBXFileReference; lastKnownFileType = sourcecode.c.h; path = HBPresentTransition.h; sourceTree = "<group>"; };
		46724B472536DAE500A7C6EC /* HBPresentTransition.m */ = {isa = PBXFileReference; lastKnownFileType = sourcecode.c.objc; path = HBPresentTransition.m; sourceTree = "<group>"; };
		46724B552536DB1200A7C6EC /* HBDismissTransition.h */ = {isa = PBXFileReference; lastKnownFileType = sourcecode.c.h; path = HBDismissTransition.h; sourceTree = "<group>"; };
		46724B562536DB1200A7C6EC /* HBDismissTransition.m */ = {isa = PBXFileReference; lastKnownFileType = sourcecode.c.objc; path = HBDismissTransition.m; sourceTree = "<group>"; };
		46724B5C2536DB8800A7C6EC /* HBHelper.h */ = {isa = PBXFileReference; lastKnownFileType = sourcecode.c.h; path = HBHelper.h; sourceTree = "<group>"; };
		46724B5D2536DB8800A7C6EC /* HBHelper.m */ = {isa = PBXFileReference; lastKnownFileType = sourcecode.c.objc; path = HBHelper.m; sourceTree = "<group>"; };
		46724B6B2536E0C600A7C6EC /* UIViewController+HBTransition.h */ = {isa = PBXFileReference; lastKnownFileType = sourcecode.c.h; path = "UIViewController+HBTransition.h"; sourceTree = "<group>"; };
		46724B6C2536E0C600A7C6EC /* UIViewController+HBTransition.m */ = {isa = PBXFileReference; lastKnownFileType = sourcecode.c.objc; path = "UIViewController+HBTransition.m"; sourceTree = "<group>"; };
		46724B7C2536F36100A7C6EC /* UIView+HBRectCorner.h */ = {isa = PBXFileReference; lastKnownFileType = sourcecode.c.h; path = "UIView+HBRectCorner.h"; sourceTree = "<group>"; };
		46724B7D2536F36100A7C6EC /* UIView+HBRectCorner.m */ = {isa = PBXFileReference; lastKnownFileType = sourcecode.c.objc; path = "UIView+HBRectCorner.m"; sourceTree = "<group>"; };
		46724B852536F42B00A7C6EC /* HBImageView.h */ = {isa = PBXFileReference; lastKnownFileType = sourcecode.c.h; path = HBImageView.h; sourceTree = "<group>"; };
		46724B862536F42B00A7C6EC /* HBImageView.m */ = {isa = PBXFileReference; lastKnownFileType = sourcecode.c.objc; path = HBImageView.m; sourceTree = "<group>"; };
		46724B8B2536F61B00A7C6EC /* HBScrollView.h */ = {isa = PBXFileReference; lastKnownFileType = sourcecode.c.h; path = HBScrollView.h; sourceTree = "<group>"; };
		46724B8C2536F61B00A7C6EC /* HBScrollView.m */ = {isa = PBXFileReference; lastKnownFileType = sourcecode.c.objc; path = HBScrollView.m; sourceTree = "<group>"; };
		46724B922536FC5800A7C6EC /* HBLoadView.h */ = {isa = PBXFileReference; lastKnownFileType = sourcecode.c.h; path = HBLoadView.h; sourceTree = "<group>"; };
		46724B932536FC5800A7C6EC /* HBLoadView.m */ = {isa = PBXFileReference; lastKnownFileType = sourcecode.c.objc; path = HBLoadView.m; sourceTree = "<group>"; };
		46724B9C2537037400A7C6EC /* HBCollectionView.h */ = {isa = PBXFileReference; lastKnownFileType = sourcecode.c.h; path = HBCollectionView.h; sourceTree = "<group>"; };
		46724B9D2537037400A7C6EC /* HBCollectionView.m */ = {isa = PBXFileReference; lastKnownFileType = sourcecode.c.objc; path = HBCollectionView.m; sourceTree = "<group>"; };
		46724BA52537038E00A7C6EC /* HBFlowLayout.h */ = {isa = PBXFileReference; lastKnownFileType = sourcecode.c.h; path = HBFlowLayout.h; sourceTree = "<group>"; };
		46724BA62537038E00A7C6EC /* HBFlowLayout.m */ = {isa = PBXFileReference; lastKnownFileType = sourcecode.c.objc; path = HBFlowLayout.m; sourceTree = "<group>"; };
		46808B5A25304199005EF5AA /* HBPhotoVideoBrowserViewController.h */ = {isa = PBXFileReference; lastKnownFileType = sourcecode.c.h; path = HBPhotoVideoBrowserViewController.h; sourceTree = "<group>"; };
		46808B5B25304199005EF5AA /* HBPhotoVideoBrowserViewController.m */ = {isa = PBXFileReference; lastKnownFileType = sourcecode.c.objc; path = HBPhotoVideoBrowserViewController.m; sourceTree = "<group>"; };
		46808B6725304396005EF5AA /* HBCellDataProtocol.h */ = {isa = PBXFileReference; lastKnownFileType = sourcecode.c.h; path = HBCellDataProtocol.h; sourceTree = "<group>"; };
		46808B68253043B1005EF5AA /* HBCellEventProtocol.h */ = {isa = PBXFileReference; lastKnownFileType = sourcecode.c.h; path = HBCellEventProtocol.h; sourceTree = "<group>"; };
		46808B752530466D005EF5AA /* HBVideoCollectionViewCell.h */ = {isa = PBXFileReference; lastKnownFileType = sourcecode.c.h; path = HBVideoCollectionViewCell.h; sourceTree = "<group>"; };
		46808B762530466D005EF5AA /* HBVideoCollectionViewCell.m */ = {isa = PBXFileReference; lastKnownFileType = sourcecode.c.objc; path = HBVideoCollectionViewCell.m; sourceTree = "<group>"; };
		46808B7B2530468A005EF5AA /* HBImageCollectionViewCell.h */ = {isa = PBXFileReference; lastKnownFileType = sourcecode.c.h; path = HBImageCollectionViewCell.h; sourceTree = "<group>"; };
		46808B7C2530468A005EF5AA /* HBImageCollectionViewCell.m */ = {isa = PBXFileReference; lastKnownFileType = sourcecode.c.objc; path = HBImageCollectionViewCell.m; sourceTree = "<group>"; };
		46AB0E61256B5BD6009AC684 /* menu@2x.png */ = {isa = PBXFileReference; lastKnownFileType = image.png; path = "menu@2x.png"; sourceTree = "<group>"; };
		46AB0E62256B5BD6009AC684 /* download@2x.png */ = {isa = PBXFileReference; lastKnownFileType = image.png; path = "download@2x.png"; sourceTree = "<group>"; };
		46AB0E63256B5BD6009AC684 /* menu@3x.png */ = {isa = PBXFileReference; lastKnownFileType = image.png; path = "menu@3x.png"; sourceTree = "<group>"; };
		46AB0E64256B5BD6009AC684 /* more@2x.png */ = {isa = PBXFileReference; lastKnownFileType = image.png; path = "more@2x.png"; sourceTree = "<group>"; };
		46AB0E65256B5BD6009AC684 /* more@3x.png */ = {isa = PBXFileReference; lastKnownFileType = image.png; path = "more@3x.png"; sourceTree = "<group>"; };
		46AB0E66256B5BD6009AC684 /* download@3x.png */ = {isa = PBXFileReference; lastKnownFileType = image.png; path = "download@3x.png"; sourceTree = "<group>"; };
		46BCDC2A259DAAD600C203BB /* UICollectionViewCell+HBAnimation.h */ = {isa = PBXFileReference; lastKnownFileType = sourcecode.c.h; path = "UICollectionViewCell+HBAnimation.h"; sourceTree = "<group>"; };
		46BCDC2B259DAAD600C203BB /* UICollectionViewCell+HBAnimation.m */ = {isa = PBXFileReference; lastKnownFileType = sourcecode.c.objc; path = "UICollectionViewCell+HBAnimation.m"; sourceTree = "<group>"; };
		46E8F315255E7D2C00BC021F /* HBPlayerToolsView.h */ = {isa = PBXFileReference; fileEncoding = 4; lastKnownFileType = sourcecode.c.h; path = HBPlayerToolsView.h; sourceTree = "<group>"; };
		46E8F316255E7D2C00BC021F /* HBMediaPlayerView.m */ = {isa = PBXFileReference; fileEncoding = 4; lastKnownFileType = sourcecode.c.objc; path = HBMediaPlayerView.m; sourceTree = "<group>"; };
		46E8F317255E7D2C00BC021F /* HBMediaPlayerView.h */ = {isa = PBXFileReference; fileEncoding = 4; lastKnownFileType = sourcecode.c.h; path = HBMediaPlayerView.h; sourceTree = "<group>"; };
		46E8F318255E7D2C00BC021F /* HBPlayerToolsView.m */ = {isa = PBXFileReference; fileEncoding = 4; lastKnownFileType = sourcecode.c.objc; path = HBPlayerToolsView.m; sourceTree = "<group>"; };
		46E8F31A255E7D2C00BC021F /* pause@2x.png */ = {isa = PBXFileReference; lastKnownFileType = image.png; path = "pause@2x.png"; sourceTree = "<group>"; };
		46E8F31B255E7D2C00BC021F /* play@3x.png */ = {isa = PBXFileReference; lastKnownFileType = image.png; path = "play@3x.png"; sourceTree = "<group>"; };
		46E8F31C255E7D2C00BC021F /* meidaPlay@2x.png */ = {isa = PBXFileReference; lastKnownFileType = image.png; path = "meidaPlay@2x.png"; sourceTree = "<group>"; };
		46E8F31D255E7D2C00BC021F /* meidaPlay@3x.png */ = {isa = PBXFileReference; lastKnownFileType = image.png; path = "meidaPlay@3x.png"; sourceTree = "<group>"; };
		46E8F31E255E7D2C00BC021F /* play@2x.png */ = {isa = PBXFileReference; lastKnownFileType = image.png; path = "play@2x.png"; sourceTree = "<group>"; };
		46E8F31F255E7D2C00BC021F /* pause@3x.png */ = {isa = PBXFileReference; lastKnownFileType = image.png; path = "pause@3x.png"; sourceTree = "<group>"; };
		46E8F320255E7D2C00BC021F /* point@2x.png */ = {isa = PBXFileReference; lastKnownFileType = image.png; path = "point@2x.png"; sourceTree = "<group>"; };
		46E8F321255E7D2C00BC021F /* point@3x.png */ = {isa = PBXFileReference; lastKnownFileType = image.png; path = "point@3x.png"; sourceTree = "<group>"; };
		5515E3B5252C8D6500F173CD /* HBPhotoVideoBrowser.app */ = {isa = PBXFileReference; explicitFileType = wrapper.application; includeInIndex = 0; path = HBPhotoVideoBrowser.app; sourceTree = BUILT_PRODUCTS_DIR; };
		5515E3B8252C8D6500F173CD /* AppDelegate.h */ = {isa = PBXFileReference; lastKnownFileType = sourcecode.c.h; path = AppDelegate.h; sourceTree = "<group>"; };
		5515E3B9252C8D6500F173CD /* AppDelegate.m */ = {isa = PBXFileReference; lastKnownFileType = sourcecode.c.objc; path = AppDelegate.m; sourceTree = "<group>"; };
		5515E3BE252C8D6500F173CD /* ViewController.h */ = {isa = PBXFileReference; lastKnownFileType = sourcecode.c.h; path = ViewController.h; sourceTree = "<group>"; };
		5515E3BF252C8D6500F173CD /* ViewController.m */ = {isa = PBXFileReference; lastKnownFileType = sourcecode.c.objc; path = ViewController.m; sourceTree = "<group>"; };
		5515E3C2252C8D6500F173CD /* Base */ = {isa = PBXFileReference; lastKnownFileType = file.storyboard; name = Base; path = Base.lproj/Main.storyboard; sourceTree = "<group>"; };
		5515E3C4252C8D6600F173CD /* Assets.xcassets */ = {isa = PBXFileReference; lastKnownFileType = folder.assetcatalog; path = Assets.xcassets; sourceTree = "<group>"; };
		5515E3C7252C8D6600F173CD /* Base */ = {isa = PBXFileReference; lastKnownFileType = file.storyboard; name = Base; path = Base.lproj/LaunchScreen.storyboard; sourceTree = "<group>"; };
		5515E3C9252C8D6600F173CD /* Info.plist */ = {isa = PBXFileReference; lastKnownFileType = text.plist.xml; path = Info.plist; sourceTree = "<group>"; };
		5515E3CA252C8D6600F173CD /* main.m */ = {isa = PBXFileReference; lastKnownFileType = sourcecode.c.objc; path = main.m; sourceTree = "<group>"; };
		5515E3D0252C8D6600F173CD /* HBPhotoVideoBrowserTests.xctest */ = {isa = PBXFileReference; explicitFileType = wrapper.cfbundle; includeInIndex = 0; path = HBPhotoVideoBrowserTests.xctest; sourceTree = BUILT_PRODUCTS_DIR; };
		5515E3D4252C8D6600F173CD /* HBPhotoVideoBrowserTests.m */ = {isa = PBXFileReference; lastKnownFileType = sourcecode.c.objc; path = HBPhotoVideoBrowserTests.m; sourceTree = "<group>"; };
		5515E3D6252C8D6600F173CD /* Info.plist */ = {isa = PBXFileReference; lastKnownFileType = text.plist.xml; path = Info.plist; sourceTree = "<group>"; };
		5515E3DB252C8D6600F173CD /* HBPhotoVideoBrowserUITests.xctest */ = {isa = PBXFileReference; explicitFileType = wrapper.cfbundle; includeInIndex = 0; path = HBPhotoVideoBrowserUITests.xctest; sourceTree = BUILT_PRODUCTS_DIR; };
		5515E3DF252C8D6600F173CD /* HBPhotoVideoBrowserUITests.m */ = {isa = PBXFileReference; lastKnownFileType = sourcecode.c.objc; path = HBPhotoVideoBrowserUITests.m; sourceTree = "<group>"; };
		5515E3E1252C8D6600F173CD /* Info.plist */ = {isa = PBXFileReference; lastKnownFileType = text.plist.xml; path = Info.plist; sourceTree = "<group>"; };
		D71DE60235EBF50CA41A5073 /* Pods_HBPhotoVideoBrowser.framework */ = {isa = PBXFileReference; explicitFileType = wrapper.framework; includeInIndex = 0; path = Pods_HBPhotoVideoBrowser.framework; sourceTree = BUILT_PRODUCTS_DIR; };
		F698C886664A30D074BF5A3D /* Pods-HBPhotoVideoBrowser.debug.xcconfig */ = {isa = PBXFileReference; includeInIndex = 1; lastKnownFileType = text.xcconfig; name = "Pods-HBPhotoVideoBrowser.debug.xcconfig"; path = "Target Support Files/Pods-HBPhotoVideoBrowser/Pods-HBPhotoVideoBrowser.debug.xcconfig"; sourceTree = "<group>"; };
/* End PBXFileReference section */

/* Begin PBXFrameworksBuildPhase section */
		5515E3B2252C8D6500F173CD /* Frameworks */ = {
			isa = PBXFrameworksBuildPhase;
			buildActionMask = 2147483647;
			files = (
				FBBC63FB73006FA12BEF5983 /* Pods_HBPhotoVideoBrowser.framework in Frameworks */,
			);
			runOnlyForDeploymentPostprocessing = 0;
		};
		5515E3CD252C8D6600F173CD /* Frameworks */ = {
			isa = PBXFrameworksBuildPhase;
			buildActionMask = 2147483647;
			files = (
			);
			runOnlyForDeploymentPostprocessing = 0;
		};
		5515E3D8252C8D6600F173CD /* Frameworks */ = {
			isa = PBXFrameworksBuildPhase;
			buildActionMask = 2147483647;
			files = (
			);
			runOnlyForDeploymentPostprocessing = 0;
		};
/* End PBXFrameworksBuildPhase section */

/* Begin PBXGroup section */
		161BACE5B39DD32EBB88342D /* Frameworks */ = {
			isa = PBXGroup;
			children = (
				D71DE60235EBF50CA41A5073 /* Pods_HBPhotoVideoBrowser.framework */,
			);
			name = Frameworks;
			sourceTree = "<group>";
		};
		46278B952567B74C0045994C /* HBToolsView */ = {
			isa = PBXGroup;
			children = (
				46278B962567B7860045994C /* HBToolsView.h */,
				46278B972567B7860045994C /* HBToolsView.m */,
				46278BAA2567BB390045994C /* HBImgToolsCell.h */,
				46278BAB2567BB390045994C /* HBImgToolsCell.m */,
			);
			path = HBToolsView;
			sourceTree = "<group>";
		};
		46724B10253454A400A7C6EC /* Compent */ = {
			isa = PBXGroup;
			children = (
				46724B112534550500A7C6EC /* HBBrowserDataSource.h */,
				46724B122534550500A7C6EC /* HBBrowserDataSource.m */,
			);
			path = Compent;
			sourceTree = "<group>";
		};
		46724B2225345EFE00A7C6EC /* Example */ = {
			isa = PBXGroup;
			children = (
				46278B952567B74C0045994C /* HBToolsView */,
				46808B5A25304199005EF5AA /* HBPhotoVideoBrowserViewController.h */,
				46808B5B25304199005EF5AA /* HBPhotoVideoBrowserViewController.m */,
				46724B2325345F3E00A7C6EC /* HBExampleCell.h */,
				46724B2425345F3E00A7C6EC /* HBExampleCell.m */,
			);
			path = Example;
			sourceTree = "<group>";
		};
		46724B452536DAB700A7C6EC /* Transition */ = {
			isa = PBXGroup;
			children = (
				46724B462536DAE500A7C6EC /* HBPresentTransition.h */,
				46724B472536DAE500A7C6EC /* HBPresentTransition.m */,
				46724B552536DB1200A7C6EC /* HBDismissTransition.h */,
				46724B562536DB1200A7C6EC /* HBDismissTransition.m */,
			);
			path = Transition;
			sourceTree = "<group>";
		};
		46724B5B2536DB7600A7C6EC /* Tools */ = {
			isa = PBXGroup;
			children = (
				46724B5C2536DB8800A7C6EC /* HBHelper.h */,
				46724B5D2536DB8800A7C6EC /* HBHelper.m */,
			);
			path = Tools;
			sourceTree = "<group>";
		};
		46724B7B2536F32E00A7C6EC /* Category */ = {
			isa = PBXGroup;
			children = (
				46724B6B2536E0C600A7C6EC /* UIViewController+HBTransition.h */,
				46724B6C2536E0C600A7C6EC /* UIViewController+HBTransition.m */,
				46724B7C2536F36100A7C6EC /* UIView+HBRectCorner.h */,
				46724B7D2536F36100A7C6EC /* UIView+HBRectCorner.m */,
				46BCDC2A259DAAD600C203BB /* UICollectionViewCell+HBAnimation.h */,
				46BCDC2B259DAAD600C203BB /* UICollectionViewCell+HBAnimation.m */,
			);
			path = Category;
			sourceTree = "<group>";
		};
		46724B912536FC3700A7C6EC /* LoadView */ = {
			isa = PBXGroup;
			children = (
				46724B922536FC5800A7C6EC /* HBLoadView.h */,
				46724B932536FC5800A7C6EC /* HBLoadView.m */,
			);
			path = LoadView;
			sourceTree = "<group>";
		};
		46724B9B2537033900A7C6EC /* CollectionView */ = {
			isa = PBXGroup;
			children = (
				46724B9C2537037400A7C6EC /* HBCollectionView.h */,
				46724B9D2537037400A7C6EC /* HBCollectionView.m */,
				46724BA52537038E00A7C6EC /* HBFlowLayout.h */,
				46724BA62537038E00A7C6EC /* HBFlowLayout.m */,
			);
			path = CollectionView;
			sourceTree = "<group>";
		};
		46808B592530408E005EF5AA /* HBPhotoVideoBrowserViewcontroller */ = {
			isa = PBXGroup;
			children = (
				46E8F319255E7D2C00BC021F /* Resource */,
				46724B7B2536F32E00A7C6EC /* Category */,
				46724B5B2536DB7600A7C6EC /* Tools */,
				46724B10253454A400A7C6EC /* Compent */,
				46808B66253042C7005EF5AA /* Protocols */,
				46808B6525304201005EF5AA /* Animations */,
				46808B64253041F0005EF5AA /* Datas */,
				46808B63253041A6005EF5AA /* Views */,
			);
			path = HBPhotoVideoBrowserViewcontroller;
			sourceTree = "<group>";
		};
		46808B63253041A6005EF5AA /* Views */ = {
			isa = PBXGroup;
			children = (
				46E8F314255E7D2C00BC021F /* HBMediaPlayer */,
				46724B9B2537033900A7C6EC /* CollectionView */,
				46724B912536FC3700A7C6EC /* LoadView */,
				46808B6A253043EB005EF5AA /* VideoCell */,
				46808B69253043C7005EF5AA /* ImageCell */,
			);
			path = Views;
			sourceTree = "<group>";
		};
		46808B64253041F0005EF5AA /* Datas */ = {
			isa = PBXGroup;
			children = (
				46724AEA2533EB1300A7C6EC /* HBDataItem.h */,
				46724AEB2533EB1300A7C6EC /* HBDataItem.m */,
			);
			path = Datas;
			sourceTree = "<group>";
		};
		46808B6525304201005EF5AA /* Animations */ = {
			isa = PBXGroup;
			children = (
				46724B452536DAB700A7C6EC /* Transition */,
			);
			path = Animations;
			sourceTree = "<group>";
		};
		46808B66253042C7005EF5AA /* Protocols */ = {
			isa = PBXGroup;
			children = (
				46808B6725304396005EF5AA /* HBCellDataProtocol.h */,
				46808B68253043B1005EF5AA /* HBCellEventProtocol.h */,
				46278BB02567BC6B0045994C /* HBToolsViewProtocol.h */,
				46724B1A253456BA00A7C6EC /* HBBrowserDataSourceProtocol.h */,
				46724B1E25345C2200A7C6EC /* HBPhotoVideoBrowserControllerProtocol.h */,
			);
			path = Protocols;
			sourceTree = "<group>";
		};
		46808B69253043C7005EF5AA /* ImageCell */ = {
			isa = PBXGroup;
			children = (
				46808B7B2530468A005EF5AA /* HBImageCollectionViewCell.h */,
				46808B7C2530468A005EF5AA /* HBImageCollectionViewCell.m */,
				46724B852536F42B00A7C6EC /* HBImageView.h */,
				46724B862536F42B00A7C6EC /* HBImageView.m */,
				46724B8B2536F61B00A7C6EC /* HBScrollView.h */,
				46724B8C2536F61B00A7C6EC /* HBScrollView.m */,
			);
			path = ImageCell;
			sourceTree = "<group>";
		};
		46808B6A253043EB005EF5AA /* VideoCell */ = {
			isa = PBXGroup;
			children = (
				46808B752530466D005EF5AA /* HBVideoCollectionViewCell.h */,
				46808B762530466D005EF5AA /* HBVideoCollectionViewCell.m */,
			);
			path = VideoCell;
			sourceTree = "<group>";
		};
		46E8F314255E7D2C00BC021F /* HBMediaPlayer */ = {
			isa = PBXGroup;
			children = (
				46E8F315255E7D2C00BC021F /* HBPlayerToolsView.h */,
				46E8F318255E7D2C00BC021F /* HBPlayerToolsView.m */,
				46E8F317255E7D2C00BC021F /* HBMediaPlayerView.h */,
				46E8F316255E7D2C00BC021F /* HBMediaPlayerView.m */,
			);
			path = HBMediaPlayer;
			sourceTree = "<group>";
		};
		46E8F319255E7D2C00BC021F /* Resource */ = {
			isa = PBXGroup;
			children = (
				46AB0E62256B5BD6009AC684 /* download@2x.png */,
				46AB0E66256B5BD6009AC684 /* download@3x.png */,
				46AB0E61256B5BD6009AC684 /* menu@2x.png */,
				46AB0E63256B5BD6009AC684 /* menu@3x.png */,
				46AB0E64256B5BD6009AC684 /* more@2x.png */,
				46AB0E65256B5BD6009AC684 /* more@3x.png */,
				46E8F31A255E7D2C00BC021F /* pause@2x.png */,
				46E8F31B255E7D2C00BC021F /* play@3x.png */,
				46E8F31C255E7D2C00BC021F /* meidaPlay@2x.png */,
				46E8F31D255E7D2C00BC021F /* meidaPlay@3x.png */,
				46E8F31E255E7D2C00BC021F /* play@2x.png */,
				46E8F31F255E7D2C00BC021F /* pause@3x.png */,
				46E8F320255E7D2C00BC021F /* point@2x.png */,
				46E8F321255E7D2C00BC021F /* point@3x.png */,
			);
			path = Resource;
			sourceTree = "<group>";
		};
		53C144DB5D42E94E5E085340 /* Pods */ = {
			isa = PBXGroup;
			children = (
				F698C886664A30D074BF5A3D /* Pods-HBPhotoVideoBrowser.debug.xcconfig */,
				3A37FF7B81F12F38EF5ACAC3 /* Pods-HBPhotoVideoBrowser.release.xcconfig */,
			);
			path = Pods;
			sourceTree = "<group>";
		};
		5515E3AC252C8D6500F173CD = {
			isa = PBXGroup;
			children = (
				5515E3B7252C8D6500F173CD /* HBPhotoVideoBrowser */,
				5515E3D3252C8D6600F173CD /* HBPhotoVideoBrowserTests */,
				5515E3DE252C8D6600F173CD /* HBPhotoVideoBrowserUITests */,
				5515E3B6252C8D6500F173CD /* Products */,
				53C144DB5D42E94E5E085340 /* Pods */,
				161BACE5B39DD32EBB88342D /* Frameworks */,
			);
			sourceTree = "<group>";
		};
		5515E3B6252C8D6500F173CD /* Products */ = {
			isa = PBXGroup;
			children = (
				5515E3B5252C8D6500F173CD /* HBPhotoVideoBrowser.app */,
				5515E3D0252C8D6600F173CD /* HBPhotoVideoBrowserTests.xctest */,
				5515E3DB252C8D6600F173CD /* HBPhotoVideoBrowserUITests.xctest */,
			);
			name = Products;
			sourceTree = "<group>";
		};
		5515E3B7252C8D6500F173CD /* HBPhotoVideoBrowser */ = {
			isa = PBXGroup;
			children = (
				46808B592530408E005EF5AA /* HBPhotoVideoBrowserViewcontroller */,
				5515E3B8252C8D6500F173CD /* AppDelegate.h */,
				5515E3B9252C8D6500F173CD /* AppDelegate.m */,
				5515E3BE252C8D6500F173CD /* ViewController.h */,
				5515E3BF252C8D6500F173CD /* ViewController.m */,
				46724B2225345EFE00A7C6EC /* Example */,
				5515E3C1252C8D6500F173CD /* Main.storyboard */,
				5515E3C4252C8D6600F173CD /* Assets.xcassets */,
				5515E3C6252C8D6600F173CD /* LaunchScreen.storyboard */,
				5515E3C9252C8D6600F173CD /* Info.plist */,
				5515E3CA252C8D6600F173CD /* main.m */,
			);
			path = HBPhotoVideoBrowser;
			sourceTree = "<group>";
		};
		5515E3D3252C8D6600F173CD /* HBPhotoVideoBrowserTests */ = {
			isa = PBXGroup;
			children = (
				5515E3D4252C8D6600F173CD /* HBPhotoVideoBrowserTests.m */,
				5515E3D6252C8D6600F173CD /* Info.plist */,
			);
			path = HBPhotoVideoBrowserTests;
			sourceTree = "<group>";
		};
		5515E3DE252C8D6600F173CD /* HBPhotoVideoBrowserUITests */ = {
			isa = PBXGroup;
			children = (
				5515E3DF252C8D6600F173CD /* HBPhotoVideoBrowserUITests.m */,
				5515E3E1252C8D6600F173CD /* Info.plist */,
			);
			path = HBPhotoVideoBrowserUITests;
			sourceTree = "<group>";
		};
/* End PBXGroup section */

/* Begin PBXNativeTarget section */
		5515E3B4252C8D6500F173CD /* HBPhotoVideoBrowser */ = {
			isa = PBXNativeTarget;
			buildConfigurationList = 5515E3E4252C8D6600F173CD /* Build configuration list for PBXNativeTarget "HBPhotoVideoBrowser" */;
			buildPhases = (
				C09073BBA30EC1D43174022B /* [CP] Check Pods Manifest.lock */,
				5515E3B1252C8D6500F173CD /* Sources */,
				5515E3B2252C8D6500F173CD /* Frameworks */,
				5515E3B3252C8D6500F173CD /* Resources */,
				2EAC08E3AF1754250CD10067 /* [CP] Embed Pods Frameworks */,
			);
			buildRules = (
			);
			dependencies = (
			);
			name = HBPhotoVideoBrowser;
			productName = HBPhotoVideoBrowser;
			productReference = 5515E3B5252C8D6500F173CD /* HBPhotoVideoBrowser.app */;
			productType = "com.apple.product-type.application";
		};
		5515E3CF252C8D6600F173CD /* HBPhotoVideoBrowserTests */ = {
			isa = PBXNativeTarget;
			buildConfigurationList = 5515E3E7252C8D6600F173CD /* Build configuration list for PBXNativeTarget "HBPhotoVideoBrowserTests" */;
			buildPhases = (
				5515E3CC252C8D6600F173CD /* Sources */,
				5515E3CD252C8D6600F173CD /* Frameworks */,
				5515E3CE252C8D6600F173CD /* Resources */,
			);
			buildRules = (
			);
			dependencies = (
				5515E3D2252C8D6600F173CD /* PBXTargetDependency */,
			);
			name = HBPhotoVideoBrowserTests;
			productName = HBPhotoVideoBrowserTests;
			productReference = 5515E3D0252C8D6600F173CD /* HBPhotoVideoBrowserTests.xctest */;
			productType = "com.apple.product-type.bundle.unit-test";
		};
		5515E3DA252C8D6600F173CD /* HBPhotoVideoBrowserUITests */ = {
			isa = PBXNativeTarget;
			buildConfigurationList = 5515E3EA252C8D6600F173CD /* Build configuration list for PBXNativeTarget "HBPhotoVideoBrowserUITests" */;
			buildPhases = (
				5515E3D7252C8D6600F173CD /* Sources */,
				5515E3D8252C8D6600F173CD /* Frameworks */,
				5515E3D9252C8D6600F173CD /* Resources */,
			);
			buildRules = (
			);
			dependencies = (
				5515E3DD252C8D6600F173CD /* PBXTargetDependency */,
			);
			name = HBPhotoVideoBrowserUITests;
			productName = HBPhotoVideoBrowserUITests;
			productReference = 5515E3DB252C8D6600F173CD /* HBPhotoVideoBrowserUITests.xctest */;
			productType = "com.apple.product-type.bundle.ui-testing";
		};
/* End PBXNativeTarget section */

/* Begin PBXProject section */
		5515E3AD252C8D6500F173CD /* Project object */ = {
			isa = PBXProject;
			attributes = {
				CLASSPREFIX = HB;
				LastUpgradeCheck = 1200;
				TargetAttributes = {
					5515E3B4252C8D6500F173CD = {
						CreatedOnToolsVersion = 12.0.1;
					};
					5515E3CF252C8D6600F173CD = {
						CreatedOnToolsVersion = 12.0.1;
						TestTargetID = 5515E3B4252C8D6500F173CD;
					};
					5515E3DA252C8D6600F173CD = {
						CreatedOnToolsVersion = 12.0.1;
						TestTargetID = 5515E3B4252C8D6500F173CD;
					};
				};
			};
			buildConfigurationList = 5515E3B0252C8D6500F173CD /* Build configuration list for PBXProject "HBPhotoVideoBrowser" */;
			compatibilityVersion = "Xcode 9.3";
			developmentRegion = en;
			hasScannedForEncodings = 0;
			knownRegions = (
				en,
				Base,
			);
			mainGroup = 5515E3AC252C8D6500F173CD;
			productRefGroup = 5515E3B6252C8D6500F173CD /* Products */;
			projectDirPath = "";
			projectRoot = "";
			targets = (
				5515E3B4252C8D6500F173CD /* HBPhotoVideoBrowser */,
				5515E3CF252C8D6600F173CD /* HBPhotoVideoBrowserTests */,
				5515E3DA252C8D6600F173CD /* HBPhotoVideoBrowserUITests */,
			);
		};
/* End PBXProject section */

/* Begin PBXResourcesBuildPhase section */
		5515E3B3252C8D6500F173CD /* Resources */ = {
			isa = PBXResourcesBuildPhase;
			buildActionMask = 2147483647;
			files = (
				46E8F327255E7D2C00BC021F /* meidaPlay@3x.png in Resources */,
				46AB0E67256B5BD6009AC684 /* menu@2x.png in Resources */,
				46AB0E69256B5BD6009AC684 /* menu@3x.png in Resources */,
				5515E3C8252C8D6600F173CD /* LaunchScreen.storyboard in Resources */,
				5515E3C5252C8D6600F173CD /* Assets.xcassets in Resources */,
				46AB0E68256B5BD6009AC684 /* download@2x.png in Resources */,
				46AB0E6C256B5BD6009AC684 /* download@3x.png in Resources */,
				46E8F32A255E7D2C00BC021F /* point@2x.png in Resources */,
				5515E3C3252C8D6500F173CD /* Main.storyboard in Resources */,
				46E8F329255E7D2C00BC021F /* pause@3x.png in Resources */,
				46AB0E6A256B5BD6009AC684 /* more@2x.png in Resources */,
				46E8F326255E7D2C00BC021F /* meidaPlay@2x.png in Resources */,
				46E8F325255E7D2C00BC021F /* play@3x.png in Resources */,
				46AB0E6B256B5BD6009AC684 /* more@3x.png in Resources */,
				46E8F328255E7D2C00BC021F /* play@2x.png in Resources */,
				46E8F324255E7D2C00BC021F /* pause@2x.png in Resources */,
				46E8F32B255E7D2C00BC021F /* point@3x.png in Resources */,
			);
			runOnlyForDeploymentPostprocessing = 0;
		};
		5515E3CE252C8D6600F173CD /* Resources */ = {
			isa = PBXResourcesBuildPhase;
			buildActionMask = 2147483647;
			files = (
			);
			runOnlyForDeploymentPostprocessing = 0;
		};
		5515E3D9252C8D6600F173CD /* Resources */ = {
			isa = PBXResourcesBuildPhase;
			buildActionMask = 2147483647;
			files = (
			);
			runOnlyForDeploymentPostprocessing = 0;
		};
/* End PBXResourcesBuildPhase section */

/* Begin PBXShellScriptBuildPhase section */
		2EAC08E3AF1754250CD10067 /* [CP] Embed Pods Frameworks */ = {
			isa = PBXShellScriptBuildPhase;
			buildActionMask = 2147483647;
			files = (
			);
			inputFileListPaths = (
				"${PODS_ROOT}/Target Support Files/Pods-HBPhotoVideoBrowser/Pods-HBPhotoVideoBrowser-frameworks-${CONFIGURATION}-input-files.xcfilelist",
			);
			name = "[CP] Embed Pods Frameworks";
			outputFileListPaths = (
				"${PODS_ROOT}/Target Support Files/Pods-HBPhotoVideoBrowser/Pods-HBPhotoVideoBrowser-frameworks-${CONFIGURATION}-output-files.xcfilelist",
			);
			runOnlyForDeploymentPostprocessing = 0;
			shellPath = /bin/sh;
			shellScript = "\"${PODS_ROOT}/Target Support Files/Pods-HBPhotoVideoBrowser/Pods-HBPhotoVideoBrowser-frameworks.sh\"\n";
			showEnvVarsInLog = 0;
		};
		C09073BBA30EC1D43174022B /* [CP] Check Pods Manifest.lock */ = {
			isa = PBXShellScriptBuildPhase;
			buildActionMask = 2147483647;
			files = (
			);
			inputFileListPaths = (
			);
			inputPaths = (
				"${PODS_PODFILE_DIR_PATH}/Podfile.lock",
				"${PODS_ROOT}/Manifest.lock",
			);
			name = "[CP] Check Pods Manifest.lock";
			outputFileListPaths = (
			);
			outputPaths = (
				"$(DERIVED_FILE_DIR)/Pods-HBPhotoVideoBrowser-checkManifestLockResult.txt",
			);
			runOnlyForDeploymentPostprocessing = 0;
			shellPath = /bin/sh;
			shellScript = "diff \"${PODS_PODFILE_DIR_PATH}/Podfile.lock\" \"${PODS_ROOT}/Manifest.lock\" > /dev/null\nif [ $? != 0 ] ; then\n    # print error to STDERR\n    echo \"error: The sandbox is not in sync with the Podfile.lock. Run 'pod install' or update your CocoaPods installation.\" >&2\n    exit 1\nfi\n# This output is used by Xcode 'outputs' to avoid re-running this script phase.\necho \"SUCCESS\" > \"${SCRIPT_OUTPUT_FILE_0}\"\n";
			showEnvVarsInLog = 0;
		};
/* End PBXShellScriptBuildPhase section */

/* Begin PBXSourcesBuildPhase section */
		5515E3B1252C8D6500F173CD /* Sources */ = {
			isa = PBXSourcesBuildPhase;
			buildActionMask = 2147483647;
			files = (
				46724B872536F42B00A7C6EC /* HBImageView.m in Sources */,
				46724BA72537038E00A7C6EC /* HBFlowLayout.m in Sources */,
				46278B982567B7860045994C /* HBToolsView.m in Sources */,
				46BCDC2C259DAAD600C203BB /* UICollectionViewCell+HBAnimation.m in Sources */,
				46724B2525345F3E00A7C6EC /* HBExampleCell.m in Sources */,
				46724B8D2536F61B00A7C6EC /* HBScrollView.m in Sources */,
				46808B772530466D005EF5AA /* HBVideoCollectionViewCell.m in Sources */,
				46808B5C25304199005EF5AA /* HBPhotoVideoBrowserViewController.m in Sources */,
				46724AEC2533EB1300A7C6EC /* HBDataItem.m in Sources */,
				46724B942536FC5800A7C6EC /* HBLoadView.m in Sources */,
				5515E3C0252C8D6500F173CD /* ViewController.m in Sources */,
				46E8F323255E7D2C00BC021F /* HBPlayerToolsView.m in Sources */,
				46724B482536DAE500A7C6EC /* HBPresentTransition.m in Sources */,
				5515E3BA252C8D6500F173CD /* AppDelegate.m in Sources */,
				5515E3CB252C8D6600F173CD /* main.m in Sources */,
				46E8F322255E7D2C00BC021F /* HBMediaPlayerView.m in Sources */,
				46724B132534550500A7C6EC /* HBBrowserDataSource.m in Sources */,
				46724B572536DB1200A7C6EC /* HBDismissTransition.m in Sources */,
				46808B7D2530468A005EF5AA /* HBImageCollectionViewCell.m in Sources */,
				46278BAC2567BB390045994C /* HBImgToolsCell.m in Sources */,
				46724B5E2536DB8800A7C6EC /* HBHelper.m in Sources */,
				46724B9E2537037400A7C6EC /* HBCollectionView.m in Sources */,
				46724B7E2536F36100A7C6EC /* UIView+HBRectCorner.m in Sources */,
				46724B6D2536E0C600A7C6EC /* UIViewController+HBTransition.m in Sources */,
			);
			runOnlyForDeploymentPostprocessing = 0;
		};
		5515E3CC252C8D6600F173CD /* Sources */ = {
			isa = PBXSourcesBuildPhase;
			buildActionMask = 2147483647;
			files = (
				5515E3D5252C8D6600F173CD /* HBPhotoVideoBrowserTests.m in Sources */,
			);
			runOnlyForDeploymentPostprocessing = 0;
		};
		5515E3D7252C8D6600F173CD /* Sources */ = {
			isa = PBXSourcesBuildPhase;
			buildActionMask = 2147483647;
			files = (
				5515E3E0252C8D6600F173CD /* HBPhotoVideoBrowserUITests.m in Sources */,
			);
			runOnlyForDeploymentPostprocessing = 0;
		};
/* End PBXSourcesBuildPhase section */

/* Begin PBXTargetDependency section */
		5515E3D2252C8D6600F173CD /* PBXTargetDependency */ = {
			isa = PBXTargetDependency;
			target = 5515E3B4252C8D6500F173CD /* HBPhotoVideoBrowser */;
			targetProxy = 5515E3D1252C8D6600F173CD /* PBXContainerItemProxy */;
		};
		5515E3DD252C8D6600F173CD /* PBXTargetDependency */ = {
			isa = PBXTargetDependency;
			target = 5515E3B4252C8D6500F173CD /* HBPhotoVideoBrowser */;
			targetProxy = 5515E3DC252C8D6600F173CD /* PBXContainerItemProxy */;
		};
/* End PBXTargetDependency section */

/* Begin PBXVariantGroup section */
		5515E3C1252C8D6500F173CD /* Main.storyboard */ = {
			isa = PBXVariantGroup;
			children = (
				5515E3C2252C8D6500F173CD /* Base */,
			);
			name = Main.storyboard;
			sourceTree = "<group>";
		};
		5515E3C6252C8D6600F173CD /* LaunchScreen.storyboard */ = {
			isa = PBXVariantGroup;
			children = (
				5515E3C7252C8D6600F173CD /* Base */,
			);
			name = LaunchScreen.storyboard;
			sourceTree = "<group>";
		};
/* End PBXVariantGroup section */

/* Begin XCBuildConfiguration section */
		5515E3E2252C8D6600F173CD /* Debug */ = {
			isa = XCBuildConfiguration;
			buildSettings = {
				ALWAYS_SEARCH_USER_PATHS = NO;
				CLANG_ANALYZER_NONNULL = YES;
				CLANG_ANALYZER_NUMBER_OBJECT_CONVERSION = YES_AGGRESSIVE;
				CLANG_CXX_LANGUAGE_STANDARD = "gnu++14";
				CLANG_CXX_LIBRARY = "libc++";
				CLANG_ENABLE_MODULES = YES;
				CLANG_ENABLE_OBJC_ARC = YES;
				CLANG_ENABLE_OBJC_WEAK = YES;
				CLANG_WARN_BLOCK_CAPTURE_AUTORELEASING = YES;
				CLANG_WARN_BOOL_CONVERSION = YES;
				CLANG_WARN_COMMA = YES;
				CLANG_WARN_CONSTANT_CONVERSION = YES;
				CLANG_WARN_DEPRECATED_OBJC_IMPLEMENTATIONS = YES;
				CLANG_WARN_DIRECT_OBJC_ISA_USAGE = YES_ERROR;
				CLANG_WARN_DOCUMENTATION_COMMENTS = YES;
				CLANG_WARN_EMPTY_BODY = YES;
				CLANG_WARN_ENUM_CONVERSION = YES;
				CLANG_WARN_INFINITE_RECURSION = YES;
				CLANG_WARN_INT_CONVERSION = YES;
				CLANG_WARN_NON_LITERAL_NULL_CONVERSION = YES;
				CLANG_WARN_OBJC_IMPLICIT_RETAIN_SELF = YES;
				CLANG_WARN_OBJC_LITERAL_CONVERSION = YES;
				CLANG_WARN_OBJC_ROOT_CLASS = YES_ERROR;
				CLANG_WARN_QUOTED_INCLUDE_IN_FRAMEWORK_HEADER = YES;
				CLANG_WARN_RANGE_LOOP_ANALYSIS = YES;
				CLANG_WARN_STRICT_PROTOTYPES = YES;
				CLANG_WARN_SUSPICIOUS_MOVE = YES;
				CLANG_WARN_UNGUARDED_AVAILABILITY = YES_AGGRESSIVE;
				CLANG_WARN_UNREACHABLE_CODE = YES;
				CLANG_WARN__DUPLICATE_METHOD_MATCH = YES;
				COPY_PHASE_STRIP = NO;
				DEBUG_INFORMATION_FORMAT = dwarf;
				ENABLE_STRICT_OBJC_MSGSEND = YES;
				ENABLE_TESTABILITY = YES;
				GCC_C_LANGUAGE_STANDARD = gnu11;
				GCC_DYNAMIC_NO_PIC = NO;
				GCC_NO_COMMON_BLOCKS = YES;
				GCC_OPTIMIZATION_LEVEL = 0;
				GCC_PREPROCESSOR_DEFINITIONS = (
					"DEBUG=1",
					"$(inherited)",
				);
				GCC_WARN_64_TO_32_BIT_CONVERSION = YES;
				GCC_WARN_ABOUT_RETURN_TYPE = YES_ERROR;
				GCC_WARN_UNDECLARED_SELECTOR = YES;
				GCC_WARN_UNINITIALIZED_AUTOS = YES_AGGRESSIVE;
				GCC_WARN_UNUSED_FUNCTION = YES;
				GCC_WARN_UNUSED_VARIABLE = YES;
				IPHONEOS_DEPLOYMENT_TARGET = 9.0;
				MTL_ENABLE_DEBUG_INFO = INCLUDE_SOURCE;
				MTL_FAST_MATH = YES;
				ONLY_ACTIVE_ARCH = YES;
				SDKROOT = iphoneos;
			};
			name = Debug;
		};
		5515E3E3252C8D6600F173CD /* Release */ = {
			isa = XCBuildConfiguration;
			buildSettings = {
				ALWAYS_SEARCH_USER_PATHS = NO;
				CLANG_ANALYZER_NONNULL = YES;
				CLANG_ANALYZER_NUMBER_OBJECT_CONVERSION = YES_AGGRESSIVE;
				CLANG_CXX_LANGUAGE_STANDARD = "gnu++14";
				CLANG_CXX_LIBRARY = "libc++";
				CLANG_ENABLE_MODULES = YES;
				CLANG_ENABLE_OBJC_ARC = YES;
				CLANG_ENABLE_OBJC_WEAK = YES;
				CLANG_WARN_BLOCK_CAPTURE_AUTORELEASING = YES;
				CLANG_WARN_BOOL_CONVERSION = YES;
				CLANG_WARN_COMMA = YES;
				CLANG_WARN_CONSTANT_CONVERSION = YES;
				CLANG_WARN_DEPRECATED_OBJC_IMPLEMENTATIONS = YES;
				CLANG_WARN_DIRECT_OBJC_ISA_USAGE = YES_ERROR;
				CLANG_WARN_DOCUMENTATION_COMMENTS = YES;
				CLANG_WARN_EMPTY_BODY = YES;
				CLANG_WARN_ENUM_CONVERSION = YES;
				CLANG_WARN_INFINITE_RECURSION = YES;
				CLANG_WARN_INT_CONVERSION = YES;
				CLANG_WARN_NON_LITERAL_NULL_CONVERSION = YES;
				CLANG_WARN_OBJC_IMPLICIT_RETAIN_SELF = YES;
				CLANG_WARN_OBJC_LITERAL_CONVERSION = YES;
				CLANG_WARN_OBJC_ROOT_CLASS = YES_ERROR;
				CLANG_WARN_QUOTED_INCLUDE_IN_FRAMEWORK_HEADER = YES;
				CLANG_WARN_RANGE_LOOP_ANALYSIS = YES;
				CLANG_WARN_STRICT_PROTOTYPES = YES;
				CLANG_WARN_SUSPICIOUS_MOVE = YES;
				CLANG_WARN_UNGUARDED_AVAILABILITY = YES_AGGRESSIVE;
				CLANG_WARN_UNREACHABLE_CODE = YES;
				CLANG_WARN__DUPLICATE_METHOD_MATCH = YES;
				COPY_PHASE_STRIP = NO;
				DEBUG_INFORMATION_FORMAT = "dwarf-with-dsym";
				ENABLE_NS_ASSERTIONS = NO;
				ENABLE_STRICT_OBJC_MSGSEND = YES;
				GCC_C_LANGUAGE_STANDARD = gnu11;
				GCC_NO_COMMON_BLOCKS = YES;
				GCC_WARN_64_TO_32_BIT_CONVERSION = YES;
				GCC_WARN_ABOUT_RETURN_TYPE = YES_ERROR;
				GCC_WARN_UNDECLARED_SELECTOR = YES;
				GCC_WARN_UNINITIALIZED_AUTOS = YES_AGGRESSIVE;
				GCC_WARN_UNUSED_FUNCTION = YES;
				GCC_WARN_UNUSED_VARIABLE = YES;
				IPHONEOS_DEPLOYMENT_TARGET = 9.0;
				MTL_ENABLE_DEBUG_INFO = NO;
				MTL_FAST_MATH = YES;
				SDKROOT = iphoneos;
				VALIDATE_PRODUCT = YES;
			};
			name = Release;
		};
		5515E3E5252C8D6600F173CD /* Debug */ = {
			isa = XCBuildConfiguration;
			baseConfigurationReference = F698C886664A30D074BF5A3D /* Pods-HBPhotoVideoBrowser.debug.xcconfig */;
			buildSettings = {
				ASSETCATALOG_COMPILER_APPICON_NAME = AppIcon;
				ASSETCATALOG_COMPILER_GLOBAL_ACCENT_COLOR_NAME = AccentColor;
				CODE_SIGN_STYLE = Automatic;
				DEVELOPMENT_TEAM = LGN7SU938D;
				INFOPLIST_FILE = HBPhotoVideoBrowser/Info.plist;
				LD_RUNPATH_SEARCH_PATHS = (
					"$(inherited)",
					"@executable_path/Frameworks",
				);
				PRODUCT_BUNDLE_IDENTIFIER = com.freedom.Configures.HBPhotoVideoBrowser;
				PRODUCT_NAME = "$(TARGET_NAME)";
				TARGETED_DEVICE_FAMILY = 1;
			};
			name = Debug;
		};
		5515E3E6252C8D6600F173CD /* Release */ = {
			isa = XCBuildConfiguration;
			baseConfigurationReference = 3A37FF7B81F12F38EF5ACAC3 /* Pods-HBPhotoVideoBrowser.release.xcconfig */;
			buildSettings = {
				ASSETCATALOG_COMPILER_APPICON_NAME = AppIcon;
				ASSETCATALOG_COMPILER_GLOBAL_ACCENT_COLOR_NAME = AccentColor;
				CODE_SIGN_STYLE = Automatic;
				DEVELOPMENT_TEAM = LGN7SU938D;
				INFOPLIST_FILE = HBPhotoVideoBrowser/Info.plist;
				LD_RUNPATH_SEARCH_PATHS = (
					"$(inherited)",
					"@executable_path/Frameworks",
				);
				PRODUCT_BUNDLE_IDENTIFIER = com.freedom.Configures.HBPhotoVideoBrowser;
				PRODUCT_NAME = "$(TARGET_NAME)";
				TARGETED_DEVICE_FAMILY = 1;
			};
			name = Release;
		};
		5515E3E8252C8D6600F173CD /* Debug */ = {
			isa = XCBuildConfiguration;
			buildSettings = {
				BUNDLE_LOADER = "$(TEST_HOST)";
				CODE_SIGN_STYLE = Automatic;
				DEVELOPMENT_TEAM = LGN7SU938D;
				INFOPLIST_FILE = HBPhotoVideoBrowserTests/Info.plist;
				IPHONEOS_DEPLOYMENT_TARGET = 14.0;
				LD_RUNPATH_SEARCH_PATHS = (
					"$(inherited)",
					"@executable_path/Frameworks",
					"@loader_path/Frameworks",
				);
				PRODUCT_BUNDLE_IDENTIFIER = com.freedom.Configures.HBPhotoVideoBrowserTests;
				PRODUCT_NAME = "$(TARGET_NAME)";
				TARGETED_DEVICE_FAMILY = "1,2";
				TEST_HOST = "$(BUILT_PRODUCTS_DIR)/HBPhotoVideoBrowser.app/HBPhotoVideoBrowser";
			};
			name = Debug;
		};
		5515E3E9252C8D6600F173CD /* Release */ = {
			isa = XCBuildConfiguration;
			buildSettings = {
				BUNDLE_LOADER = "$(TEST_HOST)";
				CODE_SIGN_STYLE = Automatic;
				DEVELOPMENT_TEAM = LGN7SU938D;
				INFOPLIST_FILE = HBPhotoVideoBrowserTests/Info.plist;
				IPHONEOS_DEPLOYMENT_TARGET = 14.0;
				LD_RUNPATH_SEARCH_PATHS = (
					"$(inherited)",
					"@executable_path/Frameworks",
					"@loader_path/Frameworks",
				);
				PRODUCT_BUNDLE_IDENTIFIER = com.freedom.Configures.HBPhotoVideoBrowserTests;
				PRODUCT_NAME = "$(TARGET_NAME)";
				TARGETED_DEVICE_FAMILY = "1,2";
				TEST_HOST = "$(BUILT_PRODUCTS_DIR)/HBPhotoVideoBrowser.app/HBPhotoVideoBrowser";
			};
			name = Release;
		};
		5515E3EB252C8D6600F173CD /* Debug */ = {
			isa = XCBuildConfiguration;
			buildSettings = {
				CODE_SIGN_STYLE = Automatic;
				DEVELOPMENT_TEAM = LGN7SU938D;
				INFOPLIST_FILE = HBPhotoVideoBrowserUITests/Info.plist;
				LD_RUNPATH_SEARCH_PATHS = (
					"$(inherited)",
					"@executable_path/Frameworks",
					"@loader_path/Frameworks",
				);
				PRODUCT_BUNDLE_IDENTIFIER = com.freedom.Configures.HBPhotoVideoBrowserUITests;
				PRODUCT_NAME = "$(TARGET_NAME)";
				TARGETED_DEVICE_FAMILY = "1,2";
				TEST_TARGET_NAME = HBPhotoVideoBrowser;
			};
			name = Debug;
		};
		5515E3EC252C8D6600F173CD /* Release */ = {
			isa = XCBuildConfiguration;
			buildSettings = {
				CODE_SIGN_STYLE = Automatic;
				DEVELOPMENT_TEAM = LGN7SU938D;
				INFOPLIST_FILE = HBPhotoVideoBrowserUITests/Info.plist;
				LD_RUNPATH_SEARCH_PATHS = (
					"$(inherited)",
					"@executable_path/Frameworks",
					"@loader_path/Frameworks",
				);
				PRODUCT_BUNDLE_IDENTIFIER = com.freedom.Configures.HBPhotoVideoBrowserUITests;
				PRODUCT_NAME = "$(TARGET_NAME)";
				TARGETED_DEVICE_FAMILY = "1,2";
				TEST_TARGET_NAME = HBPhotoVideoBrowser;
			};
			name = Release;
		};
/* End XCBuildConfiguration section */

/* Begin XCConfigurationList section */
		5515E3B0252C8D6500F173CD /* Build configuration list for PBXProject "HBPhotoVideoBrowser" */ = {
			isa = XCConfigurationList;
			buildConfigurations = (
				5515E3E2252C8D6600F173CD /* Debug */,
				5515E3E3252C8D6600F173CD /* Release */,
			);
			defaultConfigurationIsVisible = 0;
			defaultConfigurationName = Release;
		};
		5515E3E4252C8D6600F173CD /* Build configuration list for PBXNativeTarget "HBPhotoVideoBrowser" */ = {
			isa = XCConfigurationList;
			buildConfigurations = (
				5515E3E5252C8D6600F173CD /* Debug */,
				5515E3E6252C8D6600F173CD /* Release */,
			);
			defaultConfigurationIsVisible = 0;
			defaultConfigurationName = Release;
		};
		5515E3E7252C8D6600F173CD /* Build configuration list for PBXNativeTarget "HBPhotoVideoBrowserTests" */ = {
			isa = XCConfigurationList;
			buildConfigurations = (
				5515E3E8252C8D6600F173CD /* Debug */,
				5515E3E9252C8D6600F173CD /* Release */,
			);
			defaultConfigurationIsVisible = 0;
			defaultConfigurationName = Release;
		};
		5515E3EA252C8D6600F173CD /* Build configuration list for PBXNativeTarget "HBPhotoVideoBrowserUITests" */ = {
			isa = XCConfigurationList;
			buildConfigurations = (
				5515E3EB252C8D6600F173CD /* Debug */,
				5515E3EC252C8D6600F173CD /* Release */,
			);
			defaultConfigurationIsVisible = 0;
			defaultConfigurationName = Release;
		};
/* End XCConfigurationList section */
	};
	rootObject = 5515E3AD252C8D6500F173CD /* Project object */;
}
